
Microsoft Visual Studio Solution File, Format Version 12.00
# Visual Studio Version 17
VisualStudioVersion = 17.4.33103.184
MinimumVisualStudioVersion = 10.0.40219.1
Project("{FAE04EC0-301F-11D3-BF4B-00C04F79EFBC}") = "BuildCaseApiServicePlugins", "BuildCaseApiServicePlugins\BuildCaseApiServicePlugins.csproj", "{BEB8ACF8-FC07-4199-9304-E750046C0478}"
EndProject
Project("{FAE04EC0-301F-11D3-BF4B-00C04F79EFBC}") = "BuildCaseDataSyncPlugins", "BuildCaseDataSyncPlugins\BuildCaseDataSyncPlugins.csproj", "{08432F27-6704-48AC-B0BF-94480134CD22}"
EndProject
Global
	GlobalSection(SolutionConfigurationPlatforms) = preSolution
		Debug|Any CPU = Debug|Any CPU
		Release|Any CPU = Release|Any CPU
	EndGlobalSection
	GlobalSection(ProjectConfigurationPlatforms) = postSolution
		{BEB8ACF8-FC07-4199-9304-E750046C0478}.Debug|Any CPU.ActiveCfg = Debug|Any CPU
		{BEB8ACF8-FC07-4199-9304-E750046C0478}.Debug|Any CPU.Build.0 = Debug|Any CPU
		{BEB8ACF8-FC07-4199-9304-E750046C0478}.Release|Any CPU.ActiveCfg = Release|Any CPU
		{BEB8ACF8-FC07-4199-9304-E750046C0478}.Release|Any CPU.Build.0 = Release|Any CPU
		{08432F27-6704-48AC-B0BF-94480134CD22}.Debug|Any CPU.ActiveCfg = Debug|Any CPU
		{08432F27-6704-48AC-B0BF-94480134CD22}.Debug|Any CPU.Build.0 = Debug|Any CPU
		{08432F27-6704-48AC-B0BF-94480134CD22}.Release|Any CPU.ActiveCfg = Release|Any CPU
		{08432F27-6704-48AC-B0BF-94480134CD22}.Release|Any CPU.Build.0 = Release|Any CPU
	EndGlobalSection
	GlobalSection(SolutionProperties) = preSolution
		HideSolutionNode = FALSE
	EndGlobalSection
	GlobalSection(ExtensibilityGlobals) = postSolution
		SolutionGuid = {5A383B70-F107-4793-A75A-4C6B6CFEF0E2}
	EndGlobalSection
EndGlobal
